
Microsoft Visual Studio Solution File, Format Version 12.00
# Visual Studio Version 16
VisualStudioVersion = 16.0.31205.134
MinimumVisualStudioVersion = 10.0.40219.1
Project("{FAE04EC0-301F-11D3-BF4B-00C04F79EFBC}") = "WeatherFCProject", "WeatherFCProject\WeatherFCProject.csproj", "{6EAB78C5-37BD-4C67-A442-8EC72BF68231}"
EndProject
Global
	GlobalSection(SolutionConfigurationPlatforms) = preSolution
		Debug|Any CPU = Debug|Any CPU
		Release|Any CPU = Release|Any CPU
	EndGlobalSection
	GlobalSection(ProjectConfigurationPlatforms) = postSolution
		{6EAB78C5-37BD-4C67-A442-8EC72BF68231}.Debug|Any CPU.ActiveCfg = Debug|Any CPU
		{6EAB78C5-37BD-4C67-A442-8EC72BF68231}.Debug|Any CPU.Build.0 = Debug|Any CPU
		{6EAB78C5-37BD-4C67-A442-8EC72BF68231}.Release|Any CPU.ActiveCfg = Release|Any CPU
		{6EAB78C5-37BD-4C67-A442-8EC72BF68231}.Release|Any CPU.Build.0 = Release|Any CPU
	EndGlobalSection
	GlobalSection(SolutionProperties) = preSolution
		HideSolutionNode = FALSE
	EndGlobalSection
	GlobalSection(ExtensibilityGlobals) = postSolution
		SolutionGuid = {E8DFAB50-BE9B-4E47-A4FB-06DFC00F96C2}
	EndGlobalSection
EndGlobal
